
Microsoft Visual Studio Solution File, Format Version 12.00
# Visual Studio 14
VisualStudioVersion = 14.0.25420.1
MinimumVisualStudioVersion = 10.0.40219.1
Project("{2150E333-8FDC-42A3-9474-1A3956D46DE8}") = "businessLogic", "businessLogic", "{58A089E4-0AE4-4644-A01E-DFD7B347E855}"
EndProject
Project("{2150E333-8FDC-42A3-9474-1A3956D46DE8}") = "Common", "Common", "{345173E2-B010-4972-A751-B89C4A3D2926}"
EndProject
Project("{2150E333-8FDC-42A3-9474-1A3956D46DE8}") = "DataAccess", "DataAccess", "{14FA1707-DE33-408C-8B02-67969D82F99A}"
EndProject
Project("{2150E333-8FDC-42A3-9474-1A3956D46DE8}") = "pressntaion", "pressntaion", "{0F0D5BDA-7831-48EC-A553-45BEA68C083B}"
EndProject
Project("{FAE04EC0-301F-11D3-BF4B-00C04F79EFBC}") = "Hello.Model", "Hello.Model\Hello.Model.csproj", "{55315ECE-9D6B-4B3F-B3D1-08D0DA1ABB3C}"
EndProject
Project("{FAE04EC0-301F-11D3-BF4B-00C04F79EFBC}") = "Hello.MSSQL.DAL", "Hello.MSSQL.DAL\Hello.MSSQL.DAL.csproj", "{31A63387-D944-4205-B55F-047394279BCB}"
EndProject
Project("{FAE04EC0-301F-11D3-BF4B-00C04F79EFBC}") = "Hello.BLL", "Hello.BLL\Hello.BLL.csproj", "{7BF34025-9B36-447F-9664-1474664F25CE}"
EndProject
Project("{FAE04EC0-301F-11D3-BF4B-00C04F79EFBC}") = "Hello.MVC", "Hello.MVC\Hello.MVC.csproj", "{AD47C897-3D97-4808-94C6-7BB4B3678BFA}"
EndProject
Project("{FAE04EC0-301F-11D3-BF4B-00C04F79EFBC}") = "Hello.IDAL", "Hello.IDAL\Hello.IDAL.csproj", "{687F8301-7AF0-44FB-B9E7-C3248C169232}"
EndProject
Global
	GlobalSection(SolutionConfigurationPlatforms) = preSolution
		Debug|Any CPU = Debug|Any CPU
		Release|Any CPU = Release|Any CPU
	EndGlobalSection
	GlobalSection(ProjectConfigurationPlatforms) = postSolution
		{55315ECE-9D6B-4B3F-B3D1-08D0DA1ABB3C}.Debug|Any CPU.ActiveCfg = Debug|Any CPU
		{55315ECE-9D6B-4B3F-B3D1-08D0DA1ABB3C}.Debug|Any CPU.Build.0 = Debug|Any CPU
		{55315ECE-9D6B-4B3F-B3D1-08D0DA1ABB3C}.Release|Any CPU.ActiveCfg = Release|Any CPU
		{55315ECE-9D6B-4B3F-B3D1-08D0DA1ABB3C}.Release|Any CPU.Build.0 = Release|Any CPU
		{31A63387-D944-4205-B55F-047394279BCB}.Debug|Any CPU.ActiveCfg = Debug|Any CPU
		{31A63387-D944-4205-B55F-047394279BCB}.Debug|Any CPU.Build.0 = Debug|Any CPU
		{31A63387-D944-4205-B55F-047394279BCB}.Release|Any CPU.ActiveCfg = Release|Any CPU
		{31A63387-D944-4205-B55F-047394279BCB}.Release|Any CPU.Build.0 = Release|Any CPU
		{7BF34025-9B36-447F-9664-1474664F25CE}.Debug|Any CPU.ActiveCfg = Debug|Any CPU
		{7BF34025-9B36-447F-9664-1474664F25CE}.Debug|Any CPU.Build.0 = Debug|Any CPU
		{7BF34025-9B36-447F-9664-1474664F25CE}.Release|Any CPU.ActiveCfg = Release|Any CPU
		{7BF34025-9B36-447F-9664-1474664F25CE}.Release|Any CPU.Build.0 = Release|Any CPU
		{AD47C897-3D97-4808-94C6-7BB4B3678BFA}.Debug|Any CPU.ActiveCfg = Debug|Any CPU
		{AD47C897-3D97-4808-94C6-7BB4B3678BFA}.Debug|Any CPU.Build.0 = Debug|Any CPU
		{AD47C897-3D97-4808-94C6-7BB4B3678BFA}.Release|Any CPU.ActiveCfg = Release|Any CPU
		{AD47C897-3D97-4808-94C6-7BB4B3678BFA}.Release|Any CPU.Build.0 = Release|Any CPU
		{687F8301-7AF0-44FB-B9E7-C3248C169232}.Debug|Any CPU.ActiveCfg = Debug|Any CPU
		{687F8301-7AF0-44FB-B9E7-C3248C169232}.Debug|Any CPU.Build.0 = Debug|Any CPU
		{687F8301-7AF0-44FB-B9E7-C3248C169232}.Release|Any CPU.ActiveCfg = Release|Any CPU
		{687F8301-7AF0-44FB-B9E7-C3248C169232}.Release|Any CPU.Build.0 = Release|Any CPU
	EndGlobalSection
	GlobalSection(SolutionProperties) = preSolution
		HideSolutionNode = FALSE
	EndGlobalSection
	GlobalSection(NestedProjects) = preSolution
		{55315ECE-9D6B-4B3F-B3D1-08D0DA1ABB3C} = {345173E2-B010-4972-A751-B89C4A3D2926}
		{31A63387-D944-4205-B55F-047394279BCB} = {14FA1707-DE33-408C-8B02-67969D82F99A}
		{7BF34025-9B36-447F-9664-1474664F25CE} = {58A089E4-0AE4-4644-A01E-DFD7B347E855}
		{AD47C897-3D97-4808-94C6-7BB4B3678BFA} = {0F0D5BDA-7831-48EC-A553-45BEA68C083B}
		{687F8301-7AF0-44FB-B9E7-C3248C169232} = {14FA1707-DE33-408C-8B02-67969D82F99A}
	EndGlobalSection
EndGlobal
